// !$*UTF8*$!
{
	archiveVersion = 1;
	classes = {
	};
	objectVersion = 46;
	objects = {

/* Begin PBXBuildFile section */
		0540D63A1AD89506002B9C20 /* main.m in Sources */ = {isa = PBXBuildFile; fileRef = 0540D6391AD89506002B9C20 /* main.m */; };
		0540D63D1AD89506002B9C20 /* AppDelegate.m in Sources */ = {isa = PBXBuildFile; fileRef = 0540D63C1AD89506002B9C20 /* AppDelegate.m */; };
		0540D6401AD89506002B9C20 /* ViewController.m in Sources */ = {isa = PBXBuildFile; fileRef = 0540D63F1AD89506002B9C20 /* ViewController.m */; };
		0540D6431AD89506002B9C20 /* Main.storyboard in Resources */ = {isa = PBXBuildFile; fileRef = 0540D6411AD89506002B9C20 /* Main.storyboard */; };
		0540D6451AD89506002B9C20 /* Images.xcassets in Resources */ = {isa = PBXBuildFile; fileRef = 0540D6441AD89506002B9C20 /* Images.xcassets */; };
		0540D6481AD89506002B9C20 /* LaunchScreen.xib in Resources */ = {isa = PBXBuildFile; fileRef = 0540D6461AD89506002B9C20 /* LaunchScreen.xib */; };
		0540D6541AD89506002B9C20 /* HappyPlacesTests.m in Sources */ = {isa = PBXBuildFile; fileRef = 0540D6531AD89506002B9C20 /* HappyPlacesTests.m */; };
		0540D6611AD89B18002B9C20 /* ApiRequestManager.m in Sources */ = {isa = PBXBuildFile; fileRef = 0540D6601AD89B18002B9C20 /* ApiRequestManager.m */; };
		0540D6651AD89EBC002B9C20 /* DefaultVenues.m in Sources */ = {isa = PBXBuildFile; fileRef = 0540D6641AD89EBC002B9C20 /* DefaultVenues.m */; };
		0540D6681AD8A09C002B9C20 /* FoursquareVenue.m in Sources */ = {isa = PBXBuildFile; fileRef = 0540D6671AD8A09C002B9C20 /* FoursquareVenue.m */; };
		0540D66B1AD8A9AD002B9C20 /* GooglePlaceVenue.m in Sources */ = {isa = PBXBuildFile; fileRef = 0540D66A1AD8A9AD002B9C20 /* GooglePlaceVenue.m */; };
		3485FD1859C090BBC9948735 /* libPods.a in Frameworks */ = {isa = PBXBuildFile; fileRef = 5C2FF3241C3A9E2BB25E88DE /* libPods.a */; };
/* End PBXBuildFile section */

/* Begin PBXContainerItemProxy section */
		0540D64E1AD89506002B9C20 /* PBXContainerItemProxy */ = {
			isa = PBXContainerItemProxy;
			containerPortal = 0540D62C1AD89506002B9C20 /* Project object */;
			proxyType = 1;
			remoteGlobalIDString = 0540D6331AD89506002B9C20;
			remoteInfo = HappyPlaces;
		};
/* End PBXContainerItemProxy section */

/* Begin PBXFileReference section */
		0540D6341AD89506002B9C20 /* HappyPlaces.app */ = {isa = PBXFileReference; explicitFileType = wrapper.application; includeInIndex = 0; path = HappyPlaces.app; sourceTree = BUILT_PRODUCTS_DIR; };
		0540D6381AD89506002B9C20 /* Info.plist */ = {isa = PBXFileReference; lastKnownFileType = text.plist.xml; path = Info.plist; sourceTree = "<group>"; };
		0540D6391AD89506002B9C20 /* main.m */ = {isa = PBXFileReference; lastKnownFileType = sourcecode.c.objc; path = main.m; sourceTree = "<group>"; };
		0540D63B1AD89506002B9C20 /* AppDelegate.h */ = {isa = PBXFileReference; lastKnownFileType = sourcecode.c.h; path = AppDelegate.h; sourceTree = "<group>"; };
		0540D63C1AD89506002B9C20 /* AppDelegate.m */ = {isa = PBXFileReference; lastKnownFileType = sourcecode.c.objc; path = AppDelegate.m; sourceTree = "<group>"; };
		0540D63E1AD89506002B9C20 /* ViewController.h */ = {isa = PBXFileReference; lastKnownFileType = sourcecode.c.h; path = ViewController.h; sourceTree = "<group>"; };
		0540D63F1AD89506002B9C20 /* ViewController.m */ = {isa = PBXFileReference; lastKnownFileType = sourcecode.c.objc; path = ViewController.m; sourceTree = "<group>"; };
		0540D6421AD89506002B9C20 /* Base */ = {isa = PBXFileReference; lastKnownFileType = file.storyboard; name = Base; path = Base.lproj/Main.storyboard; sourceTree = "<group>"; };
		0540D6441AD89506002B9C20 /* Images.xcassets */ = {isa = PBXFileReference; lastKnownFileType = folder.assetcatalog; path = Images.xcassets; sourceTree = "<group>"; };
		0540D6471AD89506002B9C20 /* Base */ = {isa = PBXFileReference; lastKnownFileType = file.xib; name = Base; path = Base.lproj/LaunchScreen.xib; sourceTree = "<group>"; };
		0540D64D1AD89506002B9C20 /* HappyPlacesTests.xctest */ = {isa = PBXFileReference; explicitFileType = wrapper.cfbundle; includeInIndex = 0; path = HappyPlacesTests.xctest; sourceTree = BUILT_PRODUCTS_DIR; };
		0540D6521AD89506002B9C20 /* Info.plist */ = {isa = PBXFileReference; lastKnownFileType = text.plist.xml; path = Info.plist; sourceTree = "<group>"; };
		0540D6531AD89506002B9C20 /* HappyPlacesTests.m */ = {isa = PBXFileReference; lastKnownFileType = sourcecode.c.objc; path = HappyPlacesTests.m; sourceTree = "<group>"; };
		0540D65F1AD89B18002B9C20 /* ApiRequestManager.h */ = {isa = PBXFileReference; fileEncoding = 4; lastKnownFileType = sourcecode.c.h; path = ApiRequestManager.h; sourceTree = "<group>"; };
		0540D6601AD89B18002B9C20 /* ApiRequestManager.m */ = {isa = PBXFileReference; fileEncoding = 4; lastKnownFileType = sourcecode.c.objc; path = ApiRequestManager.m; sourceTree = "<group>"; };
		0540D6631AD89EBC002B9C20 /* DefaultVenues.h */ = {isa = PBXFileReference; fileEncoding = 4; lastKnownFileType = sourcecode.c.h; path = DefaultVenues.h; sourceTree = "<group>"; };
		0540D6641AD89EBC002B9C20 /* DefaultVenues.m */ = {isa = PBXFileReference; fileEncoding = 4; lastKnownFileType = sourcecode.c.objc; path = DefaultVenues.m; sourceTree = "<group>"; };
		0540D6661AD8A09C002B9C20 /* FoursquareVenue.h */ = {isa = PBXFileReference; fileEncoding = 4; lastKnownFileType = sourcecode.c.h; path = FoursquareVenue.h; sourceTree = "<group>"; };
		0540D6671AD8A09C002B9C20 /* FoursquareVenue.m */ = {isa = PBXFileReference; fileEncoding = 4; lastKnownFileType = sourcecode.c.objc; path = FoursquareVenue.m; sourceTree = "<group>"; };
		0540D6691AD8A9AD002B9C20 /* GooglePlaceVenue.h */ = {isa = PBXFileReference; fileEncoding = 4; lastKnownFileType = sourcecode.c.h; path = GooglePlaceVenue.h; sourceTree = "<group>"; };
		0540D66A1AD8A9AD002B9C20 /* GooglePlaceVenue.m */ = {isa = PBXFileReference; fileEncoding = 4; lastKnownFileType = sourcecode.c.objc; path = GooglePlaceVenue.m; sourceTree = "<group>"; };
		5C2FF3241C3A9E2BB25E88DE /* libPods.a */ = {isa = PBXFileReference; explicitFileType = archive.ar; includeInIndex = 0; path = libPods.a; sourceTree = BUILT_PRODUCTS_DIR; };
		6A72AF232E280382F0ACB5D9 /* Pods.release.xcconfig */ = {isa = PBXFileReference; includeInIndex = 1; lastKnownFileType = text.xcconfig; name = Pods.release.xcconfig; path = "Pods/Target Support Files/Pods/Pods.release.xcconfig"; sourceTree = "<group>"; };
		CF5DDB48FFF5B2358100EEB7 /* Pods.debug.xcconfig */ = {isa = PBXFileReference; includeInIndex = 1; lastKnownFileType = text.xcconfig; name = Pods.debug.xcconfig; path = "Pods/Target Support Files/Pods/Pods.debug.xcconfig"; sourceTree = "<group>"; };
/* End PBXFileReference section */

/* Begin PBXFrameworksBuildPhase section */
		0540D6311AD89506002B9C20 /* Frameworks */ = {
			isa = PBXFrameworksBuildPhase;
			buildActionMask = 2147483647;
			files = (
				3485FD1859C090BBC9948735 /* libPods.a in Frameworks */,
			);
			runOnlyForDeploymentPostprocessing = 0;
		};
		0540D64A1AD89506002B9C20 /* Frameworks */ = {
			isa = PBXFrameworksBuildPhase;
			buildActionMask = 2147483647;
			files = (
			);
			runOnlyForDeploymentPostprocessing = 0;
		};
/* End PBXFrameworksBuildPhase section */

/* Begin PBXGroup section */
		0540D62B1AD89506002B9C20 = {
			isa = PBXGroup;
			children = (
				0540D6361AD89506002B9C20 /* HappyPlaces */,
				0540D6501AD89506002B9C20 /* HappyPlacesTests */,
				0540D6351AD89506002B9C20 /* Products */,
				5878890E93D3F9C56899DB39 /* Pods */,
				4EB8721ADAB356283F668BEA /* Frameworks */,
			);
			sourceTree = "<group>";
		};
		0540D6351AD89506002B9C20 /* Products */ = {
			isa = PBXGroup;
			children = (
				0540D6341AD89506002B9C20 /* HappyPlaces.app */,
				0540D64D1AD89506002B9C20 /* HappyPlacesTests.xctest */,
			);
			name = Products;
			sourceTree = "<group>";
		};
		0540D6361AD89506002B9C20 /* HappyPlaces */ = {
			isa = PBXGroup;
			children = (
				0540D65D1AD89B18002B9C20 /* src */,
				0540D63B1AD89506002B9C20 /* AppDelegate.h */,
				0540D63C1AD89506002B9C20 /* AppDelegate.m */,
				0540D63E1AD89506002B9C20 /* ViewController.h */,
				0540D63F1AD89506002B9C20 /* ViewController.m */,
				0540D6411AD89506002B9C20 /* Main.storyboard */,
				0540D6441AD89506002B9C20 /* Images.xcassets */,
				0540D6461AD89506002B9C20 /* LaunchScreen.xib */,
				0540D6371AD89506002B9C20 /* Supporting Files */,
			);
			path = HappyPlaces;
			sourceTree = "<group>";
		};
		0540D6371AD89506002B9C20 /* Supporting Files */ = {
			isa = PBXGroup;
			children = (
				0540D6381AD89506002B9C20 /* Info.plist */,
				0540D6391AD89506002B9C20 /* main.m */,
			);
			name = "Supporting Files";
			sourceTree = "<group>";
		};
		0540D6501AD89506002B9C20 /* HappyPlacesTests */ = {
			isa = PBXGroup;
			children = (
				0540D6531AD89506002B9C20 /* HappyPlacesTests.m */,
				0540D6511AD89506002B9C20 /* Supporting Files */,
			);
			path = HappyPlacesTests;
			sourceTree = "<group>";
		};
		0540D6511AD89506002B9C20 /* Supporting Files */ = {
			isa = PBXGroup;
			children = (
				0540D6521AD89506002B9C20 /* Info.plist */,
			);
			name = "Supporting Files";
			sourceTree = "<group>";
		};
		0540D65D1AD89B18002B9C20 /* src */ = {
			isa = PBXGroup;
			children = (
				0540D6621AD89E96002B9C20 /* Model */,
				0540D65E1AD89B18002B9C20 /* API */,
			);
			path = src;
			sourceTree = "<group>";
		};
		0540D65E1AD89B18002B9C20 /* API */ = {
			isa = PBXGroup;
			children = (
				0540D65F1AD89B18002B9C20 /* ApiRequestManager.h */,
				0540D6601AD89B18002B9C20 /* ApiRequestManager.m */,
			);
			path = API;
			sourceTree = "<group>";
		};
		0540D6621AD89E96002B9C20 /* Model */ = {
			isa = PBXGroup;
			children = (
				0540D6631AD89EBC002B9C20 /* DefaultVenues.h */,
				0540D6641AD89EBC002B9C20 /* DefaultVenues.m */,
				0540D6661AD8A09C002B9C20 /* FoursquareVenue.h */,
				0540D6671AD8A09C002B9C20 /* FoursquareVenue.m */,
				0540D6691AD8A9AD002B9C20 /* GooglePlaceVenue.h */,
				0540D66A1AD8A9AD002B9C20 /* GooglePlaceVenue.m */,
			);
			path = Model;
			sourceTree = "<group>";
		};
		4EB8721ADAB356283F668BEA /* Frameworks */ = {
			isa = PBXGroup;
			children = (
				5C2FF3241C3A9E2BB25E88DE /* libPods.a */,
			);
			name = Frameworks;
			sourceTree = "<group>";
		};
		5878890E93D3F9C56899DB39 /* Pods */ = {
			isa = PBXGroup;
			children = (
				CF5DDB48FFF5B2358100EEB7 /* Pods.debug.xcconfig */,
				6A72AF232E280382F0ACB5D9 /* Pods.release.xcconfig */,
			);
			name = Pods;
			sourceTree = "<group>";
		};
/* End PBXGroup section */

/* Begin PBXNativeTarget section */
		0540D6331AD89506002B9C20 /* HappyPlaces */ = {
			isa = PBXNativeTarget;
			buildConfigurationList = 0540D6571AD89506002B9C20 /* Build configuration list for PBXNativeTarget "HappyPlaces" */;
			buildPhases = (
				75C815FF86C17363E13A8B4A /* Check Pods Manifest.lock */,
				0540D6301AD89506002B9C20 /* Sources */,
				0540D6311AD89506002B9C20 /* Frameworks */,
				0540D6321AD89506002B9C20 /* Resources */,
				1CE5DF78633EDC471B7C12B7 /* Copy Pods Resources */,
			);
			buildRules = (
			);
			dependencies = (
			);
			name = HappyPlaces;
			productName = HappyPlaces;
			productReference = 0540D6341AD89506002B9C20 /* HappyPlaces.app */;
			productType = "com.apple.product-type.application";
		};
		0540D64C1AD89506002B9C20 /* HappyPlacesTests */ = {
			isa = PBXNativeTarget;
			buildConfigurationList = 0540D65A1AD89506002B9C20 /* Build configuration list for PBXNativeTarget "HappyPlacesTests" */;
			buildPhases = (
				0540D6491AD89506002B9C20 /* Sources */,
				0540D64A1AD89506002B9C20 /* Frameworks */,
				0540D64B1AD89506002B9C20 /* Resources */,
			);
			buildRules = (
			);
			dependencies = (
				0540D64F1AD89506002B9C20 /* PBXTargetDependency */,
			);
			name = HappyPlacesTests;
			productName = HappyPlacesTests;
			productReference = 0540D64D1AD89506002B9C20 /* HappyPlacesTests.xctest */;
			productType = "com.apple.product-type.bundle.unit-test";
		};
/* End PBXNativeTarget section */

/* Begin PBXProject section */
		0540D62C1AD89506002B9C20 /* Project object */ = {
			isa = PBXProject;
			attributes = {
				LastUpgradeCheck = 0610;
				ORGANIZATIONNAME = rafaiOS;
				TargetAttributes = {
					0540D6331AD89506002B9C20 = {
						CreatedOnToolsVersion = 6.1.1;
					};
					0540D64C1AD89506002B9C20 = {
						CreatedOnToolsVersion = 6.1.1;
						TestTargetID = 0540D6331AD89506002B9C20;
					};
				};
			};
			buildConfigurationList = 0540D62F1AD89506002B9C20 /* Build configuration list for PBXProject "HappyPlaces" */;
			compatibilityVersion = "Xcode 3.2";
			developmentRegion = English;
			hasScannedForEncodings = 0;
			knownRegions = (
				en,
				Base,
			);
			mainGroup = 0540D62B1AD89506002B9C20;
			productRefGroup = 0540D6351AD89506002B9C20 /* Products */;
			projectDirPath = "";
			projectRoot = "";
			targets = (
				0540D6331AD89506002B9C20 /* HappyPlaces */,
				0540D64C1AD89506002B9C20 /* HappyPlacesTests */,
			);
		};
/* End PBXProject section */

/* Begin PBXResourcesBuildPhase section */
		0540D6321AD89506002B9C20 /* Resources */ = {
			isa = PBXResourcesBuildPhase;
			buildActionMask = 2147483647;
			files = (
				0540D6431AD89506002B9C20 /* Main.storyboard in Resources */,
				0540D6481AD89506002B9C20 /* LaunchScreen.xib in Resources */,
				0540D6451AD89506002B9C20 /* Images.xcassets in Resources */,
			);
			runOnlyForDeploymentPostprocessing = 0;
		};
		0540D64B1AD89506002B9C20 /* Resources */ = {
			isa = PBXResourcesBuildPhase;
			buildActionMask = 2147483647;
			files = (
			);
			runOnlyForDeploymentPostprocessing = 0;
		};
/* End PBXResourcesBuildPhase section */

/* Begin PBXShellScriptBuildPhase section */
		1CE5DF78633EDC471B7C12B7 /* Copy Pods Resources */ = {
			isa = PBXShellScriptBuildPhase;
			buildActionMask = 2147483647;
			files = (
			);
			inputPaths = (
			);
			name = "Copy Pods Resources";
			outputPaths = (
			);
			runOnlyForDeploymentPostprocessing = 0;
			shellPath = /bin/sh;
			shellScript = "\"${SRCROOT}/Pods/Target Support Files/Pods/Pods-resources.sh\"\n";
			showEnvVarsInLog = 0;
		};
		75C815FF86C17363E13A8B4A /* Check Pods Manifest.lock */ = {
			isa = PBXShellScriptBuildPhase;
			buildActionMask = 2147483647;
			files = (
			);
			inputPaths = (
			);
			name = "Check Pods Manifest.lock";
			outputPaths = (
			);
			runOnlyForDeploymentPostprocessing = 0;
			shellPath = /bin/sh;
			shellScript = "diff \"${PODS_ROOT}/../Podfile.lock\" \"${PODS_ROOT}/Manifest.lock\" > /dev/null\nif [[ $? != 0 ]] ; then\n    cat << EOM\nerror: The sandbox is not in sync with the Podfile.lock. Run 'pod install' or update your CocoaPods installation.\nEOM\n    exit 1\nfi\n";
			showEnvVarsInLog = 0;
		};
/* End PBXShellScriptBuildPhase section */

/* Begin PBXSourcesBuildPhase section */
		0540D6301AD89506002B9C20 /* Sources */ = {
			isa = PBXSourcesBuildPhase;
			buildActionMask = 2147483647;
			files = (
				0540D6681AD8A09C002B9C20 /* FoursquareVenue.m in Sources */,
				0540D6611AD89B18002B9C20 /* ApiRequestManager.m in Sources */,
				0540D6651AD89EBC002B9C20 /* DefaultVenues.m in Sources */,
				0540D6401AD89506002B9C20 /* ViewController.m in Sources */,
				0540D63D1AD89506002B9C20 /* AppDelegate.m in Sources */,
				0540D63A1AD89506002B9C20 /* main.m in Sources */,
				0540D66B1AD8A9AD002B9C20 /* GooglePlaceVenue.m in Sources */,
			);
			runOnlyForDeploymentPostprocessing = 0;
		};
		0540D6491AD89506002B9C20 /* Sources */ = {
			isa = PBXSourcesBuildPhase;
			buildActionMask = 2147483647;
			files = (
				0540D6541AD89506002B9C20 /* HappyPlacesTests.m in Sources */,
			);
			runOnlyForDeploymentPostprocessing = 0;
		};
/* End PBXSourcesBuildPhase section */

/* Begin PBXTargetDependency section */
		0540D64F1AD89506002B9C20 /* PBXTargetDependency */ = {
			isa = PBXTargetDependency;
			target = 0540D6331AD89506002B9C20 /* HappyPlaces */;
			targetProxy = 0540D64E1AD89506002B9C20 /* PBXContainerItemProxy */;
		};
/* End PBXTargetDependency section */

/* Begin PBXVariantGroup section */
		0540D6411AD89506002B9C20 /* Main.storyboard */ = {
			isa = PBXVariantGroup;
			children = (
				0540D6421AD89506002B9C20 /* Base */,
			);
			name = Main.storyboard;
			sourceTree = "<group>";
		};
		0540D6461AD89506002B9C20 /* LaunchScreen.xib */ = {
			isa = PBXVariantGroup;
			children = (
				0540D6471AD89506002B9C20 /* Base */,
			);
			name = LaunchScreen.xib;
			sourceTree = "<group>";
		};
/* End PBXVariantGroup section */

/* Begin XCBuildConfiguration section */
		0540D6551AD89506002B9C20 /* Debug */ = {
			isa = XCBuildConfiguration;
			buildSettings = {
				ALWAYS_SEARCH_USER_PATHS = NO;
				CLANG_CXX_LANGUAGE_STANDARD = "gnu++0x";
				CLANG_CXX_LIBRARY = "libc++";
				CLANG_ENABLE_MODULES = YES;
				CLANG_ENABLE_OBJC_ARC = YES;
				CLANG_WARN_BOOL_CONVERSION = YES;
				CLANG_WARN_CONSTANT_CONVERSION = YES;
				CLANG_WARN_DIRECT_OBJC_ISA_USAGE = YES_ERROR;
				CLANG_WARN_EMPTY_BODY = YES;
				CLANG_WARN_ENUM_CONVERSION = YES;
				CLANG_WARN_INT_CONVERSION = YES;
				CLANG_WARN_OBJC_ROOT_CLASS = YES_ERROR;
				CLANG_WARN_UNREACHABLE_CODE = YES;
				CLANG_WARN__DUPLICATE_METHOD_MATCH = YES;
				"CODE_SIGN_IDENTITY[sdk=iphoneos*]" = "iPhone Developer";
				COPY_PHASE_STRIP = NO;
				ENABLE_STRICT_OBJC_MSGSEND = YES;
				GCC_C_LANGUAGE_STANDARD = gnu99;
				GCC_DYNAMIC_NO_PIC = NO;
				GCC_OPTIMIZATION_LEVEL = 0;
				GCC_PREPROCESSOR_DEFINITIONS = (
					"DEBUG=1",
					"$(inherited)",
				);
				GCC_SYMBOLS_PRIVATE_EXTERN = NO;
				GCC_WARN_64_TO_32_BIT_CONVERSION = YES;
				GCC_WARN_ABOUT_RETURN_TYPE = YES_ERROR;
				GCC_WARN_UNDECLARED_SELECTOR = YES;
				GCC_WARN_UNINITIALIZED_AUTOS = YES_AGGRESSIVE;
				GCC_WARN_UNUSED_FUNCTION = YES;
				GCC_WARN_UNUSED_VARIABLE = YES;
				IPHONEOS_DEPLOYMENT_TARGET = 8.1;
				MTL_ENABLE_DEBUG_INFO = YES;
				ONLY_ACTIVE_ARCH = YES;
				SDKROOT = iphoneos;
			};
			name = Debug;
		};
		0540D6561AD89506002B9C20 /* Release */ = {
			isa = XCBuildConfiguration;
			buildSettings = {
				ALWAYS_SEARCH_USER_PATHS = NO;
				CLANG_CXX_LANGUAGE_STANDARD = "gnu++0x";
				CLANG_CXX_LIBRARY = "libc++";
				CLANG_ENABLE_MODULES = YES;
				CLANG_ENABLE_OBJC_ARC = YES;
				CLANG_WARN_BOOL_CONVERSION = YES;
				CLANG_WARN_CONSTANT_CONVERSION = YES;
				CLANG_WARN_DIRECT_OBJC_ISA_USAGE = YES_ERROR;
				CLANG_WARN_EMPTY_BODY = YES;
				CLANG_WARN_ENUM_CONVERSION = YES;
				CLANG_WARN_INT_CONVERSION = YES;
				CLANG_WARN_OBJC_ROOT_CLASS = YES_ERROR;
				CLANG_WARN_UNREACHABLE_CODE = YES;
				CLANG_WARN__DUPLICATE_METHOD_MATCH = YES;
				"CODE_SIGN_IDENTITY[sdk=iphoneos*]" = "iPhone Developer";
				COPY_PHASE_STRIP = YES;
				ENABLE_NS_ASSERTIONS = NO;
				ENABLE_STRICT_OBJC_MSGSEND = YES;
				GCC_C_LANGUAGE_STANDARD = gnu99;
				GCC_WARN_64_TO_32_BIT_CONVERSION = YES;
				GCC_WARN_ABOUT_RETURN_TYPE = YES_ERROR;
				GCC_WARN_UNDECLARED_SELECTOR = YES;
				GCC_WARN_UNINITIALIZED_AUTOS = YES_AGGRESSIVE;
				GCC_WARN_UNUSED_FUNCTION = YES;
				GCC_WARN_UNUSED_VARIABLE = YES;
				IPHONEOS_DEPLOYMENT_TARGET = 8.1;
				MTL_ENABLE_DEBUG_INFO = NO;
				SDKROOT = iphoneos;
				VALIDATE_PRODUCT = YES;
			};
			name = Release;
		};
		0540D6581AD89506002B9C20 /* Debug */ = {
			isa = XCBuildConfiguration;
			baseConfigurationReference = CF5DDB48FFF5B2358100EEB7 /* Pods.debug.xcconfig */;
			buildSettings = {
				ASSETCATALOG_COMPILER_APPICON_NAME = AppIcon;
				INFOPLIST_FILE = HappyPlaces/Info.plist;
				LD_RUNPATH_SEARCH_PATHS = "$(inherited) @executable_path/Frameworks";
				PRODUCT_NAME = "$(TARGET_NAME)";
			};
			name = Debug;
		};
		0540D6591AD89506002B9C20 /* Release */ = {
			isa = XCBuildConfiguration;
			baseConfigurationReference = 6A72AF232E280382F0ACB5D9 /* Pods.release.xcconfig */;
			buildSettings = {
				ASSETCATALOG_COMPILER_APPICON_NAME = AppIcon;
				INFOPLIST_FILE = HappyPlaces/Info.plist;
				LD_RUNPATH_SEARCH_PATHS = "$(inherited) @executable_path/Frameworks";
				PRODUCT_NAME = "$(TARGET_NAME)";
			};
			name = Release;
		};
		0540D65B1AD89506002B9C20 /* Debug */ = {
			isa = XCBuildConfiguration;
			buildSettings = {
				BUNDLE_LOADER = "$(TEST_HOST)";
				FRAMEWORK_SEARCH_PATHS = (
					"$(SDKROOT)/Developer/Library/Frameworks",
					"$(inherited)",
				);
				GCC_PREPROCESSOR_DEFINITIONS = (
					"DEBUG=1",
					"$(inherited)",
				);
				INFOPLIST_FILE = HappyPlacesTests/Info.plist;
				LD_RUNPATH_SEARCH_PATHS = "$(inherited) @executable_path/Frameworks @loader_path/Frameworks";
				PRODUCT_NAME = "$(TARGET_NAME)";
				TEST_HOST = "$(BUILT_PRODUCTS_DIR)/HappyPlaces.app/HappyPlaces";
			};
			name = Debug;
		};
		0540D65C1AD89506002B9C20 /* Release */ = {
			isa = XCBuildConfiguration;
			buildSettings = {
				BUNDLE_LOADER = "$(TEST_HOST)";
				FRAMEWORK_SEARCH_PATHS = (
					"$(SDKROOT)/Developer/Library/Frameworks",
					"$(inherited)",
				);
				INFOPLIST_FILE = HappyPlacesTests/Info.plist;
				LD_RUNPATH_SEARCH_PATHS = "$(inherited) @executable_path/Frameworks @loader_path/Frameworks";
				PRODUCT_NAME = "$(TARGET_NAME)";
				TEST_HOST = "$(BUILT_PRODUCTS_DIR)/HappyPlaces.app/HappyPlaces";
			};
			name = Release;
		};
/* End XCBuildConfiguration section */

/* Begin XCConfigurationList section */
		0540D62F1AD89506002B9C20 /* Build configuration list for PBXProject "HappyPlaces" */ = {
			isa = XCConfigurationList;
			buildConfigurations = (
				0540D6551AD89506002B9C20 /* Debug */,
				0540D6561AD89506002B9C20 /* Release */,
			);
			defaultConfigurationIsVisible = 0;
			defaultConfigurationName = Release;
		};
		0540D6571AD89506002B9C20 /* Build configuration list for PBXNativeTarget "HappyPlaces" */ = {
			isa = XCConfigurationList;
			buildConfigurations = (
				0540D6581AD89506002B9C20 /* Debug */,
				0540D6591AD89506002B9C20 /* Release */,
			);
			defaultConfigurationIsVisible = 0;
			defaultConfigurationName = Release;
		};
		0540D65A1AD89506002B9C20 /* Build configuration list for PBXNativeTarget "HappyPlacesTests" */ = {
			isa = XCConfigurationList;
			buildConfigurations = (
				0540D65B1AD89506002B9C20 /* Debug */,
				0540D65C1AD89506002B9C20 /* Release */,
			);
			defaultConfigurationIsVisible = 0;
			defaultConfigurationName = Release;
		};
/* End XCConfigurationList section */
	};
	rootObject = 0540D62C1AD89506002B9C20 /* Project object */;
}
